// !$*UTF8*$!
{
	archiveVersion = 1;
	classes = {
	};
	objectVersion = 46;
	objects = {

/* Begin PBXBuildFile section */
		DA2443D41C2A7F2C00E36619 /* AppDelegate.swift in Sources */ = {isa = PBXBuildFile; fileRef = DA2443D31C2A7F2C00E36619 /* AppDelegate.swift */; };
		DA2443D61C2A7F2C00E36619 /* ViewController.swift in Sources */ = {isa = PBXBuildFile; fileRef = DA2443D51C2A7F2C00E36619 /* ViewController.swift */; };
		DA2443D91C2A7F2C00E36619 /* Main.storyboard in Resources */ = {isa = PBXBuildFile; fileRef = DA2443D71C2A7F2C00E36619 /* Main.storyboard */; };
		DA2443DB1C2A7F2C00E36619 /* Assets.xcassets in Resources */ = {isa = PBXBuildFile; fileRef = DA2443DA1C2A7F2C00E36619 /* Assets.xcassets */; };
		DA2443DE1C2A7F2C00E36619 /* LaunchScreen.storyboard in Resources */ = {isa = PBXBuildFile; fileRef = DA2443DC1C2A7F2C00E36619 /* LaunchScreen.storyboard */; };
		DA2443E61C2B0F4900E36619 /* Character.swift in Sources */ = {isa = PBXBuildFile; fileRef = DA2443E51C2B0F4900E36619 /* Character.swift */; };
		DA2443E81C2B139000E36619 /* Player.swift in Sources */ = {isa = PBXBuildFile; fileRef = DA2443E71C2B139000E36619 /* Player.swift */; };
		DA2443EA1C2B63B500E36619 /* Enemy.swift in Sources */ = {isa = PBXBuildFile; fileRef = DA2443E91C2B63B500E36619 /* Enemy.swift */; };
		DA2443EC1C2BCA6200E36619 /* Kimara.swift in Sources */ = {isa = PBXBuildFile; fileRef = DA2443EB1C2BCA6200E36619 /* Kimara.swift */; };
		DA2443EE1C2BCE8E00E36619 /* DeviWizard.swift in Sources */ = {isa = PBXBuildFile; fileRef = DA2443ED1C2BCE8E00E36619 /* DeviWizard.swift */; };
/* End PBXBuildFile section */

/* Begin PBXFileReference section */
		DA2443D01C2A7F2C00E36619 /* rpgoop.app */ = {isa = PBXFileReference; explicitFileType = wrapper.application; includeInIndex = 0; path = rpgoop.app; sourceTree = BUILT_PRODUCTS_DIR; };
		DA2443D31C2A7F2C00E36619 /* AppDelegate.swift */ = {isa = PBXFileReference; lastKnownFileType = sourcecode.swift; path = AppDelegate.swift; sourceTree = "<group>"; };
		DA2443D51C2A7F2C00E36619 /* ViewController.swift */ = {isa = PBXFileReference; lastKnownFileType = sourcecode.swift; path = ViewController.swift; sourceTree = "<group>"; };
		DA2443D81C2A7F2C00E36619 /* Base */ = {isa = PBXFileReference; lastKnownFileType = file.storyboard; name = Base; path = Base.lproj/Main.storyboard; sourceTree = "<group>"; };
		DA2443DA1C2A7F2C00E36619 /* Assets.xcassets */ = {isa = PBXFileReference; lastKnownFileType = folder.assetcatalog; path = Assets.xcassets; sourceTree = "<group>"; };
		DA2443DD1C2A7F2C00E36619 /* Base */ = {isa = PBXFileReference; lastKnownFileType = file.storyboard; name = Base; path = Base.lproj/LaunchScreen.storyboard; sourceTree = "<group>"; };
		DA2443DF1C2A7F2C00E36619 /* Info.plist */ = {isa = PBXFileReference; lastKnownFileType = text.plist.xml; path = Info.plist; sourceTree = "<group>"; };
		DA2443E51C2B0F4900E36619 /* Character.swift */ = {isa = PBXFileReference; fileEncoding = 4; lastKnownFileType = sourcecode.swift; path = Character.swift; sourceTree = "<group>"; };
		DA2443E71C2B139000E36619 /* Player.swift */ = {isa = PBXFileReference; fileEncoding = 4; lastKnownFileType = sourcecode.swift; path = Player.swift; sourceTree = "<group>"; };
		DA2443E91C2B63B500E36619 /* Enemy.swift */ = {isa = PBXFileReference; fileEncoding = 4; lastKnownFileType = sourcecode.swift; path = Enemy.swift; sourceTree = "<group>"; };
		DA2443EB1C2BCA6200E36619 /* Kimara.swift */ = {isa = PBXFileReference; fileEncoding = 4; lastKnownFileType = sourcecode.swift; path = Kimara.swift; sourceTree = "<group>"; };
		DA2443ED1C2BCE8E00E36619 /* DeviWizard.swift */ = {isa = PBXFileReference; fileEncoding = 4; lastKnownFileType = sourcecode.swift; path = DeviWizard.swift; sourceTree = "<group>"; };
/* End PBXFileReference section */

/* Begin PBXFrameworksBuildPhase section */
		DA2443CD1C2A7F2C00E36619 /* Frameworks */ = {
			isa = PBXFrameworksBuildPhase;
			buildActionMask = 2147483647;
			files = (
			);
			runOnlyForDeploymentPostprocessing = 0;
		};
/* End PBXFrameworksBuildPhase section */

/* Begin PBXGroup section */
		DA2443C71C2A7F2C00E36619 = {
			isa = PBXGroup;
			children = (
				DA2443D21C2A7F2C00E36619 /* rpgoop */,
				DA2443D11C2A7F2C00E36619 /* Products */,
			);
			sourceTree = "<group>";
		};
		DA2443D11C2A7F2C00E36619 /* Products */ = {
			isa = PBXGroup;
			children = (
				DA2443D01C2A7F2C00E36619 /* rpgoop.app */,
			);
			name = Products;
			sourceTree = "<group>";
		};
		DA2443D21C2A7F2C00E36619 /* rpgoop */ = {
			isa = PBXGroup;
			children = (
				DA2443D31C2A7F2C00E36619 /* AppDelegate.swift */,
				DA2443D51C2A7F2C00E36619 /* ViewController.swift */,
				DA2443D71C2A7F2C00E36619 /* Main.storyboard */,
				DA2443DA1C2A7F2C00E36619 /* Assets.xcassets */,
				DA2443DC1C2A7F2C00E36619 /* LaunchScreen.storyboard */,
				DA2443DF1C2A7F2C00E36619 /* Info.plist */,
				DA2443E51C2B0F4900E36619 /* Character.swift */,
				DA2443ED1C2BCE8E00E36619 /* DeviWizard.swift */,
				DA2443E71C2B139000E36619 /* Player.swift */,
				DA2443E91C2B63B500E36619 /* Enemy.swift */,
				DA2443EB1C2BCA6200E36619 /* Kimara.swift */,
			);
			path = rpgoop;
			sourceTree = "<group>";
		};
/* End PBXGroup section */

/* Begin PBXNativeTarget section */
		DA2443CF1C2A7F2C00E36619 /* rpgoop */ = {
			isa = PBXNativeTarget;
			buildConfigurationList = DA2443E21C2A7F2C00E36619 /* Build configuration list for PBXNativeTarget "rpgoop" */;
			buildPhases = (
				DA2443CC1C2A7F2C00E36619 /* Sources */,
				DA2443CD1C2A7F2C00E36619 /* Frameworks */,
				DA2443CE1C2A7F2C00E36619 /* Resources */,
			);
			buildRules = (
			);
			dependencies = (
			);
			name = rpgoop;
			productName = rpgoop;
			productReference = DA2443D01C2A7F2C00E36619 /* rpgoop.app */;
			productType = "com.apple.product-type.application";
		};
/* End PBXNativeTarget section */

/* Begin PBXProject section */
		DA2443C81C2A7F2C00E36619 /* Project object */ = {
			isa = PBXProject;
			attributes = {
				LastSwiftUpdateCheck = 0720;
				LastUpgradeCheck = 0720;
				ORGANIZATIONNAME = Training;
				TargetAttributes = {
					DA2443CF1C2A7F2C00E36619 = {
						CreatedOnToolsVersion = 7.2;
					};
				};
			};
			buildConfigurationList = DA2443CB1C2A7F2C00E36619 /* Build configuration list for PBXProject "rpgoop" */;
			compatibilityVersion = "Xcode 3.2";
			developmentRegion = English;
			hasScannedForEncodings = 0;
			knownRegions = (
				en,
				Base,
			);
			mainGroup = DA2443C71C2A7F2C00E36619;
			productRefGroup = DA2443D11C2A7F2C00E36619 /* Products */;
			projectDirPath = "";
			projectRoot = "";
			targets = (
				DA2443CF1C2A7F2C00E36619 /* rpgoop */,
			);
		};
/* End PBXProject section */

/* Begin PBXResourcesBuildPhase section */
		DA2443CE1C2A7F2C00E36619 /* Resources */ = {
			isa = PBXResourcesBuildPhase;
			buildActionMask = 2147483647;
			files = (
				DA2443DE1C2A7F2C00E36619 /* LaunchScreen.storyboard in Resources */,
				DA2443DB1C2A7F2C00E36619 /* Assets.xcassets in Resources */,
				DA2443D91C2A7F2C00E36619 /* Main.storyboard in Resources */,
			);
			runOnlyForDeploymentPostprocessing = 0;
		};
/* End PBXResourcesBuildPhase section */

/* Begin PBXSourcesBuildPhase section */
		DA2443CC1C2A7F2C00E36619 /* Sources */ = {
			isa = PBXSourcesBuildPhase;
			buildActionMask = 2147483647;
			files = (
				DA2443E61C2B0F4900E36619 /* Character.swift in Sources */,
				DA2443EC1C2BCA6200E36619 /* Kimara.swift in Sources */,
				DA2443EA1C2B63B500E36619 /* Enemy.swift in Sources */,
				DA2443E81C2B139000E36619 /* Player.swift in Sources */,
				DA2443D61C2A7F2C00E36619 /* ViewController.swift in Sources */,
				DA2443EE1C2BCE8E00E36619 /* DeviWizard.swift in Sources */,
				DA2443D41C2A7F2C00E36619 /* AppDelegate.swift in Sources */,
			);
			runOnlyForDeploymentPostprocessing = 0;
		};
/* End PBXSourcesBuildPhase section */

/* Begin PBXVariantGroup section */
		DA2443D71C2A7F2C00E36619 /* Main.storyboard */ = {
			isa = PBXVariantGroup;
			children = (
				DA2443D81C2A7F2C00E36619 /* Base */,
			);
			name = Main.storyboard;
			sourceTree = "<group>";
		};
		DA2443DC1C2A7F2C00E36619 /* LaunchScreen.storyboard */ = {
			isa = PBXVariantGroup;
			children = (
				DA2443DD1C2A7F2C00E36619 /* Base */,
			);
			name = LaunchScreen.storyboard;
			sourceTree = "<group>";
		};
/* End PBXVariantGroup section */

/* Begin XCBuildConfiguration section */
		DA2443E01C2A7F2C00E36619 /* Debug */ = {
			isa = XCBuildConfiguration;
			buildSettings = {
				ALWAYS_SEARCH_USER_PATHS = NO;
				CLANG_CXX_LANGUAGE_STANDARD = "gnu++0x";
				CLANG_CXX_LIBRARY = "libc++";
				CLANG_ENABLE_MODULES = YES;
				CLANG_ENABLE_OBJC_ARC = YES;
				CLANG_WARN_BOOL_CONVERSION = YES;
				CLANG_WARN_CONSTANT_CONVERSION = YES;
				CLANG_WARN_DIRECT_OBJC_ISA_USAGE = YES_ERROR;
				CLANG_WARN_EMPTY_BODY = YES;
				CLANG_WARN_ENUM_CONVERSION = YES;
				CLANG_WARN_INT_CONVERSION = YES;
				CLANG_WARN_OBJC_ROOT_CLASS = YES_ERROR;
				CLANG_WARN_UNREACHABLE_CODE = YES;
				CLANG_WARN__DUPLICATE_METHOD_MATCH = YES;
				"CODE_SIGN_IDENTITY[sdk=iphoneos*]" = "iPhone Developer";
				COPY_PHASE_STRIP = NO;
				DEBUG_INFORMATION_FORMAT = dwarf;
				ENABLE_STRICT_OBJC_MSGSEND = YES;
				ENABLE_TESTABILITY = YES;
				GCC_C_LANGUAGE_STANDARD = gnu99;
				GCC_DYNAMIC_NO_PIC = NO;
				GCC_NO_COMMON_BLOCKS = YES;
				GCC_OPTIMIZATION_LEVEL = 0;
				GCC_PREPROCESSOR_DEFINITIONS = (
					"DEBUG=1",
					"$(inherited)",
				);
				GCC_WARN_64_TO_32_BIT_CONVERSION = YES;
				GCC_WARN_ABOUT_RETURN_TYPE = YES_ERROR;
				GCC_WARN_UNDECLARED_SELECTOR = YES;
				GCC_WARN_UNINITIALIZED_AUTOS = YES_AGGRESSIVE;
				GCC_WARN_UNUSED_FUNCTION = YES;
				GCC_WARN_UNUSED_VARIABLE = YES;
				IPHONEOS_DEPLOYMENT_TARGET = 9.2;
				MTL_ENABLE_DEBUG_INFO = YES;
				ONLY_ACTIVE_ARCH = YES;
				SDKROOT = iphoneos;
				SWIFT_OPTIMIZATION_LEVEL = "-Onone";
				TARGETED_DEVICE_FAMILY = "1,2";
			};
			name = Debug;
		};
		DA2443E11C2A7F2C00E36619 /* Release */ = {
			isa = XCBuildConfiguration;
			buildSettings = {
				ALWAYS_SEARCH_USER_PATHS = NO;
				CLANG_CXX_LANGUAGE_STANDARD = "gnu++0x";
				CLANG_CXX_LIBRARY = "libc++";
				CLANG_ENABLE_MODULES = YES;
				CLANG_ENABLE_OBJC_ARC = YES;
				CLANG_WARN_BOOL_CONVERSION = YES;
				CLANG_WARN_CONSTANT_CONVERSION = YES;
				CLANG_WARN_DIRECT_OBJC_ISA_USAGE = YES_ERROR;
				CLANG_WARN_EMPTY_BODY = YES;
				CLANG_WARN_ENUM_CONVERSION = YES;
				CLANG_WARN_INT_CONVERSION = YES;
				CLANG_WARN_OBJC_ROOT_CLASS = YES_ERROR;
				CLANG_WARN_UNREACHABLE_CODE = YES;
				CLANG_WARN__DUPLICATE_METHOD_MATCH = YES;
				"CODE_SIGN_IDENTITY[sdk=iphoneos*]" = "iPhone Developer";
				COPY_PHASE_STRIP = NO;
				DEBUG_INFORMATION_FORMAT = "dwarf-with-dsym";
				ENABLE_NS_ASSERTIONS = NO;
				ENABLE_STRICT_OBJC_MSGSEND = YES;
				GCC_C_LANGUAGE_STANDARD = gnu99;
				GCC_NO_COMMON_BLOCKS = YES;
				GCC_WARN_64_TO_32_BIT_CONVERSION = YES;
				GCC_WARN_ABOUT_RETURN_TYPE = YES_ERROR;
				GCC_WARN_UNDECLARED_SELECTOR = YES;
				GCC_WARN_UNINITIALIZED_AUTOS = YES_AGGRESSIVE;
				GCC_WARN_UNUSED_FUNCTION = YES;
				GCC_WARN_UNUSED_VARIABLE = YES;
				IPHONEOS_DEPLOYMENT_TARGET = 9.2;
				MTL_ENABLE_DEBUG_INFO = NO;
				SDKROOT = iphoneos;
				TARGETED_DEVICE_FAMILY = "1,2";
				VALIDATE_PRODUCT = YES;
			};
			name = Release;
		};
		DA2443E31C2A7F2C00E36619 /* Debug */ = {
			isa = XCBuildConfiguration;
			buildSettings = {
				ASSETCATALOG_COMPILER_APPICON_NAME = AppIcon;
				INFOPLIST_FILE = rpgoop/Info.plist;
				LD_RUNPATH_SEARCH_PATHS = "$(inherited) @executable_path/Frameworks";
				PRODUCT_BUNDLE_IDENTIFIER = com.trainig.rpgoop;
				PRODUCT_NAME = "$(TARGET_NAME)";
			};
			name = Debug;
		};
		DA2443E41C2A7F2C00E36619 /* Release */ = {
			isa = XCBuildConfiguration;
			buildSettings = {
				ASSETCATALOG_COMPILER_APPICON_NAME = AppIcon;
				INFOPLIST_FILE = rpgoop/Info.plist;
				LD_RUNPATH_SEARCH_PATHS = "$(inherited) @executable_path/Frameworks";
				PRODUCT_BUNDLE_IDENTIFIER = com.trainig.rpgoop;
				PRODUCT_NAME = "$(TARGET_NAME)";
			};
			name = Release;
		};
/* End XCBuildConfiguration section */

/* Begin XCConfigurationList section */
		DA2443CB1C2A7F2C00E36619 /* Build configuration list for PBXProject "rpgoop" */ = {
			isa = XCConfigurationList;
			buildConfigurations = (
				DA2443E01C2A7F2C00E36619 /* Debug */,
				DA2443E11C2A7F2C00E36619 /* Release */,
			);
			defaultConfigurationIsVisible = 0;
			defaultConfigurationName = Release;
		};
		DA2443E21C2A7F2C00E36619 /* Build configuration list for PBXNativeTarget "rpgoop" */ = {
			isa = XCConfigurationList;
			buildConfigurations = (
				DA2443E31C2A7F2C00E36619 /* Debug */,
				DA2443E41C2A7F2C00E36619 /* Release */,
			);
			defaultConfigurationIsVisible = 0;
		};
/* End XCConfigurationList section */
	};
	rootObject = DA2443C81C2A7F2C00E36619 /* Project object */;
}
